{
  "name": "@acropolis/esone",
  "version": "0.0.0",
  "lockfileVersion": 1,
  "requires": true,
  "dependencies": {
    "fp-ts": {
      "version": "2.0.5",
      "resolved": "https://registry.npmjs.org/fp-ts/-/fp-ts-2.0.5.tgz",
      "integrity": "sha512-opI5r+rVlpZE7Rhk0YtqsrmxGkbIw0dRNqGca8FEAMMnjomXotG+R9QkLQg20onx7R8qhepAn4CCOP8usma/Xw=="
    },
    "monocle-ts": {
      "version": "2.3.3",
      "resolved": "https://registry.npmjs.org/monocle-ts/-/monocle-ts-2.3.3.tgz",
      "integrity": "sha512-pcQyauWO2vapxyZgbhTd73Dv8TmTELx1rL81bvrtPO2sUYTi1MIHmw3j/iMyeNaJwTmnGNAjqJpYV8Gq1Eu68g=="
    }
  }
}
